
Microsoft Visual Studio Solution File, Format Version 12.00
# Visual Studio 15
VisualStudioVersion = 15.0.27703.2000
MinimumVisualStudioVersion = 10.0.40219.1
Project("{8BC9CEB8-8B4A-11D0-8D11-00A0C91BC942}") = "KingG0dEmperorInjector", "KingG0dEmperorInjector\KingG0dEmperorInjector.vcxproj", "{A9C02B28-7FFB-41E1-9DC8-75F88189628E}"
EndProject
Global
	GlobalSection(SolutionConfigurationPlatforms) = preSolution
		Debug|x64 = Debug|x64
		Debug|x86 = Debug|x86
		Release|x64 = Release|x64
		Release|x86 = Release|x86
	EndGlobalSection
	GlobalSection(ProjectConfigurationPlatforms) = postSolution
		{A9C02B28-7FFB-41E1-9DC8-75F88189628E}.Debug|x64.ActiveCfg = Debug|x64
		{A9C02B28-7FFB-41E1-9DC8-75F88189628E}.Debug|x64.Build.0 = Debug|x64
		{A9C02B28-7FFB-41E1-9DC8-75F88189628E}.Debug|x86.ActiveCfg = Debug|Win32
		{A9C02B28-7FFB-41E1-9DC8-75F88189628E}.Debug|x86.Build.0 = Debug|Win32
		{A9C02B28-7FFB-41E1-9DC8-75F88189628E}.Release|x64.ActiveCfg = Release|x64
		{A9C02B28-7FFB-41E1-9DC8-75F88189628E}.Release|x64.Build.0 = Release|x64
		{A9C02B28-7FFB-41E1-9DC8-75F88189628E}.Release|x86.ActiveCfg = Release|Win32
		{A9C02B28-7FFB-41E1-9DC8-75F88189628E}.Release|x86.Build.0 = Release|Win32
	EndGlobalSection
	GlobalSection(SolutionProperties) = preSolution
		HideSolutionNode = FALSE
	EndGlobalSection
	GlobalSection(ExtensibilityGlobals) = postSolution
		SolutionGuid = {7B585864-D337-4804-859B-4822E47C7624}
	EndGlobalSection
EndGlobal
